
Microsoft Visual Studio Solution File, Format Version 12.00
# Visual Studio Version 16
VisualStudioVersion = 16.0.30611.23
MinimumVisualStudioVersion = 10.0.40219.1
Project("{2150E333-8FDC-42A3-9474-1A3956D46DE8}") = "Lib", "Lib", "{D22ED6D1-B5ED-4B63-A3A2-738205F8E374}"
EndProject
Project("{2150E333-8FDC-42A3-9474-1A3956D46DE8}") = "Tests", "Tests", "{EC9D1552-B6C0-4949-96C7-F013F1718F0C}"
EndProject
Project("{2150E333-8FDC-42A3-9474-1A3956D46DE8}") = "Solution Items", "Solution Items", "{F5DCA4CA-7401-43B3-B242-9BFD653A6CD7}"
	ProjectSection(SolutionItems) = preProject
		App.ps1 = App.ps1
	EndProjectSection
EndProject
Project("{9A19103F-16F7-4668-BE54-9A1E7A4F7556}") = "XTI_App.Api", "Lib\XTI_App.Api\XTI_App.Api.csproj", "{BB818EBB-6A2E-4E71-A347-63F9ADAB72A1}"
EndProject
Project("{9A19103F-16F7-4668-BE54-9A1E7A4F7556}") = "XTI_App.Tests", "Tests\XTI_App.Tests\XTI_App.Tests.csproj", "{6EE0CF29-B0DC-49F4-B61A-F17277177EA3}"
EndProject
Project("{9A19103F-16F7-4668-BE54-9A1E7A4F7556}") = "XTI_App.Fakes", "Lib\XTI_App.Fakes\XTI_App.Fakes.csproj", "{4156F508-835F-40D8-9921-7C34B66CE91A}"
EndProject
Project("{9A19103F-16F7-4668-BE54-9A1E7A4F7556}") = "XTI_Forms", "Lib\XTI_Forms\XTI_Forms.csproj", "{6238491B-DE3A-448E-BB70-D24C910A0895}"
EndProject
Project("{9A19103F-16F7-4668-BE54-9A1E7A4F7556}") = "XTI_App.Abstractions", "Lib\XTI_App.Abstractions\XTI_App.Abstractions.csproj", "{7D4282C0-D956-407F-A6AE-1E93401D7D5B}"
EndProject
Project("{9A19103F-16F7-4668-BE54-9A1E7A4F7556}") = "XTI_App.Extensions", "Lib\XTI_App.Extensions\XTI_App.Extensions.csproj", "{6F628FD8-A08A-4878-9D41-58935531EB92}"
EndProject
Project("{9A19103F-16F7-4668-BE54-9A1E7A4F7556}") = "XTI_App.Hosting", "Lib\XTI_App.Hosting\XTI_App.Hosting.csproj", "{F2F69256-5742-4E18-9D9E-0C0AC01BD224}"
EndProject
Project("{9A19103F-16F7-4668-BE54-9A1E7A4F7556}") = "XTI_App.Secrets", "Lib\XTI_App.Secrets\XTI_App.Secrets.csproj", "{EE689424-8BDF-4DC2-8EA0-52FC47DA8651}"
EndProject
Global
	GlobalSection(SolutionConfigurationPlatforms) = preSolution
		Debug|Any CPU = Debug|Any CPU
		Release|Any CPU = Release|Any CPU
	EndGlobalSection
	GlobalSection(ProjectConfigurationPlatforms) = postSolution
		{BB818EBB-6A2E-4E71-A347-63F9ADAB72A1}.Debug|Any CPU.ActiveCfg = Debug|Any CPU
		{BB818EBB-6A2E-4E71-A347-63F9ADAB72A1}.Debug|Any CPU.Build.0 = Debug|Any CPU
		{BB818EBB-6A2E-4E71-A347-63F9ADAB72A1}.Release|Any CPU.ActiveCfg = Release|Any CPU
		{BB818EBB-6A2E-4E71-A347-63F9ADAB72A1}.Release|Any CPU.Build.0 = Release|Any CPU
		{6EE0CF29-B0DC-49F4-B61A-F17277177EA3}.Debug|Any CPU.ActiveCfg = Debug|Any CPU
		{6EE0CF29-B0DC-49F4-B61A-F17277177EA3}.Debug|Any CPU.Build.0 = Debug|Any CPU
		{6EE0CF29-B0DC-49F4-B61A-F17277177EA3}.Release|Any CPU.ActiveCfg = Release|Any CPU
		{6EE0CF29-B0DC-49F4-B61A-F17277177EA3}.Release|Any CPU.Build.0 = Release|Any CPU
		{4156F508-835F-40D8-9921-7C34B66CE91A}.Debug|Any CPU.ActiveCfg = Debug|Any CPU
		{4156F508-835F-40D8-9921-7C34B66CE91A}.Debug|Any CPU.Build.0 = Debug|Any CPU
		{4156F508-835F-40D8-9921-7C34B66CE91A}.Release|Any CPU.ActiveCfg = Release|Any CPU
		{4156F508-835F-40D8-9921-7C34B66CE91A}.Release|Any CPU.Build.0 = Release|Any CPU
		{6238491B-DE3A-448E-BB70-D24C910A0895}.Debug|Any CPU.ActiveCfg = Debug|Any CPU
		{6238491B-DE3A-448E-BB70-D24C910A0895}.Debug|Any CPU.Build.0 = Debug|Any CPU
		{6238491B-DE3A-448E-BB70-D24C910A0895}.Release|Any CPU.ActiveCfg = Release|Any CPU
		{6238491B-DE3A-448E-BB70-D24C910A0895}.Release|Any CPU.Build.0 = Release|Any CPU
		{7D4282C0-D956-407F-A6AE-1E93401D7D5B}.Debug|Any CPU.ActiveCfg = Debug|Any CPU
		{7D4282C0-D956-407F-A6AE-1E93401D7D5B}.Debug|Any CPU.Build.0 = Debug|Any CPU
		{7D4282C0-D956-407F-A6AE-1E93401D7D5B}.Release|Any CPU.ActiveCfg = Release|Any CPU
		{7D4282C0-D956-407F-A6AE-1E93401D7D5B}.Release|Any CPU.Build.0 = Release|Any CPU
		{6F628FD8-A08A-4878-9D41-58935531EB92}.Debug|Any CPU.ActiveCfg = Debug|Any CPU
		{6F628FD8-A08A-4878-9D41-58935531EB92}.Debug|Any CPU.Build.0 = Debug|Any CPU
		{6F628FD8-A08A-4878-9D41-58935531EB92}.Release|Any CPU.ActiveCfg = Release|Any CPU
		{6F628FD8-A08A-4878-9D41-58935531EB92}.Release|Any CPU.Build.0 = Release|Any CPU
		{F2F69256-5742-4E18-9D9E-0C0AC01BD224}.Debug|Any CPU.ActiveCfg = Debug|Any CPU
		{F2F69256-5742-4E18-9D9E-0C0AC01BD224}.Debug|Any CPU.Build.0 = Debug|Any CPU
		{F2F69256-5742-4E18-9D9E-0C0AC01BD224}.Release|Any CPU.ActiveCfg = Release|Any CPU
		{F2F69256-5742-4E18-9D9E-0C0AC01BD224}.Release|Any CPU.Build.0 = Release|Any CPU
		{EE689424-8BDF-4DC2-8EA0-52FC47DA8651}.Debug|Any CPU.ActiveCfg = Debug|Any CPU
		{EE689424-8BDF-4DC2-8EA0-52FC47DA8651}.Debug|Any CPU.Build.0 = Debug|Any CPU
		{EE689424-8BDF-4DC2-8EA0-52FC47DA8651}.Release|Any CPU.ActiveCfg = Release|Any CPU
		{EE689424-8BDF-4DC2-8EA0-52FC47DA8651}.Release|Any CPU.Build.0 = Release|Any CPU
	EndGlobalSection
	GlobalSection(SolutionProperties) = preSolution
		HideSolutionNode = FALSE
	EndGlobalSection
	GlobalSection(NestedProjects) = preSolution
		{BB818EBB-6A2E-4E71-A347-63F9ADAB72A1} = {D22ED6D1-B5ED-4B63-A3A2-738205F8E374}
		{6EE0CF29-B0DC-49F4-B61A-F17277177EA3} = {EC9D1552-B6C0-4949-96C7-F013F1718F0C}
		{4156F508-835F-40D8-9921-7C34B66CE91A} = {D22ED6D1-B5ED-4B63-A3A2-738205F8E374}
		{6238491B-DE3A-448E-BB70-D24C910A0895} = {D22ED6D1-B5ED-4B63-A3A2-738205F8E374}
		{7D4282C0-D956-407F-A6AE-1E93401D7D5B} = {D22ED6D1-B5ED-4B63-A3A2-738205F8E374}
		{6F628FD8-A08A-4878-9D41-58935531EB92} = {D22ED6D1-B5ED-4B63-A3A2-738205F8E374}
		{F2F69256-5742-4E18-9D9E-0C0AC01BD224} = {D22ED6D1-B5ED-4B63-A3A2-738205F8E374}
		{EE689424-8BDF-4DC2-8EA0-52FC47DA8651} = {D22ED6D1-B5ED-4B63-A3A2-738205F8E374}
	EndGlobalSection
	GlobalSection(ExtensibilityGlobals) = postSolution
		SolutionGuid = {AB83988D-D2DE-46B9-B285-B34C08128DFF}
	EndGlobalSection
EndGlobal
