
Microsoft Visual Studio Solution File, Format Version 12.00
# Visual Studio Version 16
VisualStudioVersion = 16.0.30611.23
MinimumVisualStudioVersion = 10.0.40219.1
Project("{2150E333-8FDC-42A3-9474-1A3956D46DE8}") = "Lib", "Lib", "{D22ED6D1-B5ED-4B63-A3A2-738205F8E374}"
EndProject
Project("{2150E333-8FDC-42A3-9474-1A3956D46DE8}") = "Tests", "Tests", "{EC9D1552-B6C0-4949-96C7-F013F1718F0C}"
EndProject
Project("{2150E333-8FDC-42A3-9474-1A3956D46DE8}") = "Solution Items", "Solution Items", "{F5DCA4CA-7401-43B3-B242-9BFD653A6CD7}"
	ProjectSection(SolutionItems) = preProject
		App.ps1 = App.ps1
		db_add_migrations.ps1 = db_add_migrations.ps1
		db_update_dev.ps1 = db_update_dev.ps1
		db_update_prod.ps1 = db_update_prod.ps1
		db_update_staging.ps1 = db_update_staging.ps1
		db_update_test.ps1 = db_update_test.ps1
	EndProjectSection
EndProject
Project("{9A19103F-16F7-4668-BE54-9A1E7A4F7556}") = "XTI_App", "Lib\XTI_App\XTI_App.csproj", "{A01BA47E-C851-4D3A-8E5A-2B9CFDBDFA94}"
EndProject
Project("{9A19103F-16F7-4668-BE54-9A1E7A4F7556}") = "XTI_App.Api", "Lib\XTI_App.Api\XTI_App.Api.csproj", "{BB818EBB-6A2E-4E71-A347-63F9ADAB72A1}"
EndProject
Project("{9A19103F-16F7-4668-BE54-9A1E7A4F7556}") = "XTI_App.EF", "Lib\XTI_App.EF\XTI_App.EF.csproj", "{5D92F49F-D6C3-4363-966E-834F4EF20B6E}"
EndProject
Project("{9A19103F-16F7-4668-BE54-9A1E7A4F7556}") = "XTI_Core", "Lib\XTI_Core\XTI_Core.csproj", "{3EBFD3BE-2EE1-4740-8374-66EE30F9448D}"
EndProject
Project("{9A19103F-16F7-4668-BE54-9A1E7A4F7556}") = "XTI_Core.Fakes", "Lib\XTI_Core.Fakes\XTI_Core.Fakes.csproj", "{5963845A-70EF-43E4-8657-95B5AB010225}"
EndProject
Project("{2150E333-8FDC-42A3-9474-1A3956D46DE8}") = "Internal", "Internal", "{23AD620D-0785-42A3-98A3-CE212C742A3C}"
EndProject
Project("{2150E333-8FDC-42A3-9474-1A3956D46DE8}") = "Apps", "Apps", "{59CFEBDA-7EEE-467C-9570-D230717CAA51}"
EndProject
Project("{9A19103F-16F7-4668-BE54-9A1E7A4F7556}") = "XTI_Version", "Internal\XTI_Version\XTI_Version.csproj", "{EB34DDC9-556F-48E7-9DF8-8842CCFE2B23}"
EndProject
Global
	GlobalSection(SolutionConfigurationPlatforms) = preSolution
		Debug|Any CPU = Debug|Any CPU
		Release|Any CPU = Release|Any CPU
	EndGlobalSection
	GlobalSection(ProjectConfigurationPlatforms) = postSolution
		{A01BA47E-C851-4D3A-8E5A-2B9CFDBDFA94}.Debug|Any CPU.ActiveCfg = Debug|Any CPU
		{A01BA47E-C851-4D3A-8E5A-2B9CFDBDFA94}.Debug|Any CPU.Build.0 = Debug|Any CPU
		{A01BA47E-C851-4D3A-8E5A-2B9CFDBDFA94}.Release|Any CPU.ActiveCfg = Release|Any CPU
		{A01BA47E-C851-4D3A-8E5A-2B9CFDBDFA94}.Release|Any CPU.Build.0 = Release|Any CPU
		{BB818EBB-6A2E-4E71-A347-63F9ADAB72A1}.Debug|Any CPU.ActiveCfg = Debug|Any CPU
		{BB818EBB-6A2E-4E71-A347-63F9ADAB72A1}.Debug|Any CPU.Build.0 = Debug|Any CPU
		{BB818EBB-6A2E-4E71-A347-63F9ADAB72A1}.Release|Any CPU.ActiveCfg = Release|Any CPU
		{BB818EBB-6A2E-4E71-A347-63F9ADAB72A1}.Release|Any CPU.Build.0 = Release|Any CPU
		{5D92F49F-D6C3-4363-966E-834F4EF20B6E}.Debug|Any CPU.ActiveCfg = Debug|Any CPU
		{5D92F49F-D6C3-4363-966E-834F4EF20B6E}.Debug|Any CPU.Build.0 = Debug|Any CPU
		{5D92F49F-D6C3-4363-966E-834F4EF20B6E}.Release|Any CPU.ActiveCfg = Release|Any CPU
		{5D92F49F-D6C3-4363-966E-834F4EF20B6E}.Release|Any CPU.Build.0 = Release|Any CPU
		{3EBFD3BE-2EE1-4740-8374-66EE30F9448D}.Debug|Any CPU.ActiveCfg = Debug|Any CPU
		{3EBFD3BE-2EE1-4740-8374-66EE30F9448D}.Debug|Any CPU.Build.0 = Debug|Any CPU
		{3EBFD3BE-2EE1-4740-8374-66EE30F9448D}.Release|Any CPU.ActiveCfg = Release|Any CPU
		{3EBFD3BE-2EE1-4740-8374-66EE30F9448D}.Release|Any CPU.Build.0 = Release|Any CPU
		{5963845A-70EF-43E4-8657-95B5AB010225}.Debug|Any CPU.ActiveCfg = Debug|Any CPU
		{5963845A-70EF-43E4-8657-95B5AB010225}.Debug|Any CPU.Build.0 = Debug|Any CPU
		{5963845A-70EF-43E4-8657-95B5AB010225}.Release|Any CPU.ActiveCfg = Release|Any CPU
		{5963845A-70EF-43E4-8657-95B5AB010225}.Release|Any CPU.Build.0 = Release|Any CPU
		{EB34DDC9-556F-48E7-9DF8-8842CCFE2B23}.Debug|Any CPU.ActiveCfg = Debug|Any CPU
		{EB34DDC9-556F-48E7-9DF8-8842CCFE2B23}.Debug|Any CPU.Build.0 = Debug|Any CPU
		{EB34DDC9-556F-48E7-9DF8-8842CCFE2B23}.Release|Any CPU.ActiveCfg = Release|Any CPU
		{EB34DDC9-556F-48E7-9DF8-8842CCFE2B23}.Release|Any CPU.Build.0 = Release|Any CPU
	EndGlobalSection
	GlobalSection(SolutionProperties) = preSolution
		HideSolutionNode = FALSE
	EndGlobalSection
	GlobalSection(NestedProjects) = preSolution
		{A01BA47E-C851-4D3A-8E5A-2B9CFDBDFA94} = {D22ED6D1-B5ED-4B63-A3A2-738205F8E374}
		{BB818EBB-6A2E-4E71-A347-63F9ADAB72A1} = {D22ED6D1-B5ED-4B63-A3A2-738205F8E374}
		{5D92F49F-D6C3-4363-966E-834F4EF20B6E} = {D22ED6D1-B5ED-4B63-A3A2-738205F8E374}
		{3EBFD3BE-2EE1-4740-8374-66EE30F9448D} = {D22ED6D1-B5ED-4B63-A3A2-738205F8E374}
		{5963845A-70EF-43E4-8657-95B5AB010225} = {D22ED6D1-B5ED-4B63-A3A2-738205F8E374}
		{EB34DDC9-556F-48E7-9DF8-8842CCFE2B23} = {23AD620D-0785-42A3-98A3-CE212C742A3C}
	EndGlobalSection
	GlobalSection(ExtensibilityGlobals) = postSolution
		SolutionGuid = {AB83988D-D2DE-46B9-B285-B34C08128DFF}
	EndGlobalSection
EndGlobal
