
Microsoft Visual Studio Solution File, Format Version 12.00
# Visual Studio Version 17
VisualStudioVersion = 17.0.31903.59
MinimumVisualStudioVersion = 10.0.40219.1
Project("{2150E333-8FDC-42A3-9474-1A3956D46DE8}") = "Lib", "Lib", "{D22ED6D1-B5ED-4B63-A3A2-738205F8E374}"
EndProject
Project("{2150E333-8FDC-42A3-9474-1A3956D46DE8}") = "Tests", "Tests", "{EC9D1552-B6C0-4949-96C7-F013F1718F0C}"
EndProject
Project("{2150E333-8FDC-42A3-9474-1A3956D46DE8}") = "Solution Items", "Solution Items", "{F5DCA4CA-7401-43B3-B242-9BFD653A6CD7}"
	ProjectSection(SolutionItems) = preProject
		.gitignore = .gitignore
		xti.ps1 = xti.ps1
	EndProjectSection
EndProject
Project("{9A19103F-16F7-4668-BE54-9A1E7A4F7556}") = "XTI_App.Api", "Lib\XTI_App.Api\XTI_App.Api.csproj", "{BB818EBB-6A2E-4E71-A347-63F9ADAB72A1}"
EndProject
Project("{9A19103F-16F7-4668-BE54-9A1E7A4F7556}") = "XTI_App.Tests", "Tests\XTI_App.Tests\XTI_App.Tests.csproj", "{6EE0CF29-B0DC-49F4-B61A-F17277177EA3}"
EndProject
Project("{9A19103F-16F7-4668-BE54-9A1E7A4F7556}") = "XTI_App.Fakes", "Lib\XTI_App.Fakes\XTI_App.Fakes.csproj", "{4156F508-835F-40D8-9921-7C34B66CE91A}"
EndProject
Project("{9A19103F-16F7-4668-BE54-9A1E7A4F7556}") = "XTI_Forms", "Lib\XTI_Forms\XTI_Forms.csproj", "{6238491B-DE3A-448E-BB70-D24C910A0895}"
EndProject
Project("{9A19103F-16F7-4668-BE54-9A1E7A4F7556}") = "XTI_App.Abstractions", "Lib\XTI_App.Abstractions\XTI_App.Abstractions.csproj", "{7D4282C0-D956-407F-A6AE-1E93401D7D5B}"
EndProject
Project("{9A19103F-16F7-4668-BE54-9A1E7A4F7556}") = "XTI_App.Extensions", "Lib\XTI_App.Extensions\XTI_App.Extensions.csproj", "{6F628FD8-A08A-4878-9D41-58935531EB92}"
EndProject
Project("{9A19103F-16F7-4668-BE54-9A1E7A4F7556}") = "XTI_App.Hosting", "Lib\XTI_App.Hosting\XTI_App.Hosting.csproj", "{F2F69256-5742-4E18-9D9E-0C0AC01BD224}"
EndProject
Project("{9A19103F-16F7-4668-BE54-9A1E7A4F7556}") = "XTI_App.Secrets", "Lib\XTI_App.Secrets\XTI_App.Secrets.csproj", "{EE689424-8BDF-4DC2-8EA0-52FC47DA8651}"
EndProject
Project("{9A19103F-16F7-4668-BE54-9A1E7A4F7556}") = "XTI_ConsoleApp", "Lib\XTI_ConsoleApp\XTI_ConsoleApp.csproj", "{0B5F5093-9BEC-4C17-B249-39296645F477}"
EndProject
Project("{9A19103F-16F7-4668-BE54-9A1E7A4F7556}") = "XTI_ConsoleApp.Fakes", "Lib\XTI_ConsoleApp.Fakes\XTI_ConsoleApp.Fakes.csproj", "{A7A7937C-3FFF-4565-AD9C-85E5D110919D}"
EndProject
Project("{9A19103F-16F7-4668-BE54-9A1E7A4F7556}") = "XTI_ServiceApp.Fakes", "Lib\XTI_ServiceApp.Fakes\XTI_ServiceApp.Fakes.csproj", "{31172042-CC02-42EA-9573-DE38291A8ACB}"
EndProject
Project("{9A19103F-16F7-4668-BE54-9A1E7A4F7556}") = "DemoConsoleApp", "Tests\DemoConsoleApp\DemoConsoleApp.csproj", "{93EF9290-BB6B-4853-A886-BD9D09D42DE0}"
EndProject
Project("{9A19103F-16F7-4668-BE54-9A1E7A4F7556}") = "XTI_ConsoleApp.Tests", "Tests\XTI_ConsoleApp.Tests\XTI_ConsoleApp.Tests.csproj", "{FC66287E-8976-4C1B-B742-246B6E976880}"
EndProject
Project("{9A19103F-16F7-4668-BE54-9A1E7A4F7556}") = "XTI_WebApp.Abstractions", "Lib\XTI_WebApp.Abstractions\XTI_WebApp.Abstractions.csproj", "{C2A9549F-85CB-4A20-926E-AB322728B58E}"
EndProject
Project("{9A19103F-16F7-4668-BE54-9A1E7A4F7556}") = "XTI_WebApp.Api", "Lib\XTI_WebApp.Api\XTI_WebApp.Api.csproj", "{9B3166F8-011D-41CA-A2B7-7153EEF087A2}"
EndProject
Project("{9A19103F-16F7-4668-BE54-9A1E7A4F7556}") = "XTI_WebApp.Extensions", "Lib\XTI_WebApp.Extensions\XTI_WebApp.Extensions.csproj", "{75E440EC-2459-48BF-9A50-0797B267F21A}"
EndProject
Project("{9A19103F-16F7-4668-BE54-9A1E7A4F7556}") = "XTI_WebApp.Fakes", "Lib\XTI_WebApp.Fakes\XTI_WebApp.Fakes.csproj", "{CE785F38-A7D9-4C36-840F-BE105D13729D}"
EndProject
Project("{9A19103F-16F7-4668-BE54-9A1E7A4F7556}") = "XTI_WebApp.RCL", "Lib\XTI_WebApp.RCL\XTI_WebApp.RCL.csproj", "{5C28E44E-0AD1-40EE-8C1B-98E53C582B6A}"
EndProject
Project("{9A19103F-16F7-4668-BE54-9A1E7A4F7556}") = "XTI_WebApp.Scheduled", "Lib\XTI_WebApp.Scheduled\XTI_WebApp.Scheduled.csproj", "{6D376667-9D22-40B0-8CED-F0FD914C1793}"
EndProject
Project("{9A19103F-16F7-4668-BE54-9A1E7A4F7556}") = "XTI_WebApp.TagHelpers", "Lib\XTI_WebApp.TagHelpers\XTI_WebApp.TagHelpers.csproj", "{BB1522CD-C280-41BA-87C4-69BCAD87F09F}"
EndProject
Project("{9A19103F-16F7-4668-BE54-9A1E7A4F7556}") = "XTI_WebAppClient", "Lib\XTI_WebAppClient\XTI_WebAppClient.csproj", "{2E7545F2-87B9-4655-BD51-ECAEA63632E0}"
EndProject
Project("{9A19103F-16F7-4668-BE54-9A1E7A4F7556}") = "XTI_WebApp.AspTests", "Tests\XTI_WebApp.AspTests\XTI_WebApp.AspTests.csproj", "{74844FD3-888B-4EC5-BDB5-1C0FC74B6158}"
EndProject
Project("{9A19103F-16F7-4668-BE54-9A1E7A4F7556}") = "XTI_WebApp.Tests", "Tests\XTI_WebApp.Tests\XTI_WebApp.Tests.csproj", "{AC11E8EC-22D5-490D-A40C-12B334C54E73}"
EndProject
Project("{FAE04EC0-301F-11D3-BF4B-00C04F79EFBC}") = "XTI_ODataQuery.Api", "Lib\XTI_ODataQuery.Api\XTI_ODataQuery.Api.csproj", "{7C9D5451-10C7-461C-B820-F8736F8FCF3E}"
EndProject
Global
	GlobalSection(SolutionConfigurationPlatforms) = preSolution
		Debug|Any CPU = Debug|Any CPU
		Release|Any CPU = Release|Any CPU
	EndGlobalSection
	GlobalSection(ProjectConfigurationPlatforms) = postSolution
		{BB818EBB-6A2E-4E71-A347-63F9ADAB72A1}.Debug|Any CPU.ActiveCfg = Debug|Any CPU
		{BB818EBB-6A2E-4E71-A347-63F9ADAB72A1}.Debug|Any CPU.Build.0 = Debug|Any CPU
		{BB818EBB-6A2E-4E71-A347-63F9ADAB72A1}.Release|Any CPU.ActiveCfg = Release|Any CPU
		{BB818EBB-6A2E-4E71-A347-63F9ADAB72A1}.Release|Any CPU.Build.0 = Release|Any CPU
		{6EE0CF29-B0DC-49F4-B61A-F17277177EA3}.Debug|Any CPU.ActiveCfg = Debug|Any CPU
		{6EE0CF29-B0DC-49F4-B61A-F17277177EA3}.Debug|Any CPU.Build.0 = Debug|Any CPU
		{6EE0CF29-B0DC-49F4-B61A-F17277177EA3}.Release|Any CPU.ActiveCfg = Release|Any CPU
		{6EE0CF29-B0DC-49F4-B61A-F17277177EA3}.Release|Any CPU.Build.0 = Release|Any CPU
		{4156F508-835F-40D8-9921-7C34B66CE91A}.Debug|Any CPU.ActiveCfg = Debug|Any CPU
		{4156F508-835F-40D8-9921-7C34B66CE91A}.Debug|Any CPU.Build.0 = Debug|Any CPU
		{4156F508-835F-40D8-9921-7C34B66CE91A}.Release|Any CPU.ActiveCfg = Release|Any CPU
		{4156F508-835F-40D8-9921-7C34B66CE91A}.Release|Any CPU.Build.0 = Release|Any CPU
		{6238491B-DE3A-448E-BB70-D24C910A0895}.Debug|Any CPU.ActiveCfg = Debug|Any CPU
		{6238491B-DE3A-448E-BB70-D24C910A0895}.Debug|Any CPU.Build.0 = Debug|Any CPU
		{6238491B-DE3A-448E-BB70-D24C910A0895}.Release|Any CPU.ActiveCfg = Release|Any CPU
		{6238491B-DE3A-448E-BB70-D24C910A0895}.Release|Any CPU.Build.0 = Release|Any CPU
		{7D4282C0-D956-407F-A6AE-1E93401D7D5B}.Debug|Any CPU.ActiveCfg = Debug|Any CPU
		{7D4282C0-D956-407F-A6AE-1E93401D7D5B}.Debug|Any CPU.Build.0 = Debug|Any CPU
		{7D4282C0-D956-407F-A6AE-1E93401D7D5B}.Release|Any CPU.ActiveCfg = Release|Any CPU
		{7D4282C0-D956-407F-A6AE-1E93401D7D5B}.Release|Any CPU.Build.0 = Release|Any CPU
		{6F628FD8-A08A-4878-9D41-58935531EB92}.Debug|Any CPU.ActiveCfg = Debug|Any CPU
		{6F628FD8-A08A-4878-9D41-58935531EB92}.Debug|Any CPU.Build.0 = Debug|Any CPU
		{6F628FD8-A08A-4878-9D41-58935531EB92}.Release|Any CPU.ActiveCfg = Release|Any CPU
		{6F628FD8-A08A-4878-9D41-58935531EB92}.Release|Any CPU.Build.0 = Release|Any CPU
		{F2F69256-5742-4E18-9D9E-0C0AC01BD224}.Debug|Any CPU.ActiveCfg = Debug|Any CPU
		{F2F69256-5742-4E18-9D9E-0C0AC01BD224}.Debug|Any CPU.Build.0 = Debug|Any CPU
		{F2F69256-5742-4E18-9D9E-0C0AC01BD224}.Release|Any CPU.ActiveCfg = Release|Any CPU
		{F2F69256-5742-4E18-9D9E-0C0AC01BD224}.Release|Any CPU.Build.0 = Release|Any CPU
		{EE689424-8BDF-4DC2-8EA0-52FC47DA8651}.Debug|Any CPU.ActiveCfg = Debug|Any CPU
		{EE689424-8BDF-4DC2-8EA0-52FC47DA8651}.Debug|Any CPU.Build.0 = Debug|Any CPU
		{EE689424-8BDF-4DC2-8EA0-52FC47DA8651}.Release|Any CPU.ActiveCfg = Release|Any CPU
		{EE689424-8BDF-4DC2-8EA0-52FC47DA8651}.Release|Any CPU.Build.0 = Release|Any CPU
		{0B5F5093-9BEC-4C17-B249-39296645F477}.Debug|Any CPU.ActiveCfg = Debug|Any CPU
		{0B5F5093-9BEC-4C17-B249-39296645F477}.Debug|Any CPU.Build.0 = Debug|Any CPU
		{0B5F5093-9BEC-4C17-B249-39296645F477}.Release|Any CPU.ActiveCfg = Release|Any CPU
		{0B5F5093-9BEC-4C17-B249-39296645F477}.Release|Any CPU.Build.0 = Release|Any CPU
		{A7A7937C-3FFF-4565-AD9C-85E5D110919D}.Debug|Any CPU.ActiveCfg = Debug|Any CPU
		{A7A7937C-3FFF-4565-AD9C-85E5D110919D}.Debug|Any CPU.Build.0 = Debug|Any CPU
		{A7A7937C-3FFF-4565-AD9C-85E5D110919D}.Release|Any CPU.ActiveCfg = Release|Any CPU
		{A7A7937C-3FFF-4565-AD9C-85E5D110919D}.Release|Any CPU.Build.0 = Release|Any CPU
		{31172042-CC02-42EA-9573-DE38291A8ACB}.Debug|Any CPU.ActiveCfg = Debug|Any CPU
		{31172042-CC02-42EA-9573-DE38291A8ACB}.Debug|Any CPU.Build.0 = Debug|Any CPU
		{31172042-CC02-42EA-9573-DE38291A8ACB}.Release|Any CPU.ActiveCfg = Release|Any CPU
		{31172042-CC02-42EA-9573-DE38291A8ACB}.Release|Any CPU.Build.0 = Release|Any CPU
		{93EF9290-BB6B-4853-A886-BD9D09D42DE0}.Debug|Any CPU.ActiveCfg = Debug|Any CPU
		{93EF9290-BB6B-4853-A886-BD9D09D42DE0}.Debug|Any CPU.Build.0 = Debug|Any CPU
		{93EF9290-BB6B-4853-A886-BD9D09D42DE0}.Release|Any CPU.ActiveCfg = Release|Any CPU
		{93EF9290-BB6B-4853-A886-BD9D09D42DE0}.Release|Any CPU.Build.0 = Release|Any CPU
		{FC66287E-8976-4C1B-B742-246B6E976880}.Debug|Any CPU.ActiveCfg = Debug|Any CPU
		{FC66287E-8976-4C1B-B742-246B6E976880}.Debug|Any CPU.Build.0 = Debug|Any CPU
		{FC66287E-8976-4C1B-B742-246B6E976880}.Release|Any CPU.ActiveCfg = Release|Any CPU
		{FC66287E-8976-4C1B-B742-246B6E976880}.Release|Any CPU.Build.0 = Release|Any CPU
		{C2A9549F-85CB-4A20-926E-AB322728B58E}.Debug|Any CPU.ActiveCfg = Debug|Any CPU
		{C2A9549F-85CB-4A20-926E-AB322728B58E}.Debug|Any CPU.Build.0 = Debug|Any CPU
		{C2A9549F-85CB-4A20-926E-AB322728B58E}.Release|Any CPU.ActiveCfg = Release|Any CPU
		{C2A9549F-85CB-4A20-926E-AB322728B58E}.Release|Any CPU.Build.0 = Release|Any CPU
		{9B3166F8-011D-41CA-A2B7-7153EEF087A2}.Debug|Any CPU.ActiveCfg = Debug|Any CPU
		{9B3166F8-011D-41CA-A2B7-7153EEF087A2}.Debug|Any CPU.Build.0 = Debug|Any CPU
		{9B3166F8-011D-41CA-A2B7-7153EEF087A2}.Release|Any CPU.ActiveCfg = Release|Any CPU
		{9B3166F8-011D-41CA-A2B7-7153EEF087A2}.Release|Any CPU.Build.0 = Release|Any CPU
		{75E440EC-2459-48BF-9A50-0797B267F21A}.Debug|Any CPU.ActiveCfg = Debug|Any CPU
		{75E440EC-2459-48BF-9A50-0797B267F21A}.Debug|Any CPU.Build.0 = Debug|Any CPU
		{75E440EC-2459-48BF-9A50-0797B267F21A}.Release|Any CPU.ActiveCfg = Release|Any CPU
		{75E440EC-2459-48BF-9A50-0797B267F21A}.Release|Any CPU.Build.0 = Release|Any CPU
		{CE785F38-A7D9-4C36-840F-BE105D13729D}.Debug|Any CPU.ActiveCfg = Debug|Any CPU
		{CE785F38-A7D9-4C36-840F-BE105D13729D}.Debug|Any CPU.Build.0 = Debug|Any CPU
		{CE785F38-A7D9-4C36-840F-BE105D13729D}.Release|Any CPU.ActiveCfg = Release|Any CPU
		{CE785F38-A7D9-4C36-840F-BE105D13729D}.Release|Any CPU.Build.0 = Release|Any CPU
		{5C28E44E-0AD1-40EE-8C1B-98E53C582B6A}.Debug|Any CPU.ActiveCfg = Debug|Any CPU
		{5C28E44E-0AD1-40EE-8C1B-98E53C582B6A}.Debug|Any CPU.Build.0 = Debug|Any CPU
		{5C28E44E-0AD1-40EE-8C1B-98E53C582B6A}.Release|Any CPU.ActiveCfg = Release|Any CPU
		{5C28E44E-0AD1-40EE-8C1B-98E53C582B6A}.Release|Any CPU.Build.0 = Release|Any CPU
		{6D376667-9D22-40B0-8CED-F0FD914C1793}.Debug|Any CPU.ActiveCfg = Debug|Any CPU
		{6D376667-9D22-40B0-8CED-F0FD914C1793}.Debug|Any CPU.Build.0 = Debug|Any CPU
		{6D376667-9D22-40B0-8CED-F0FD914C1793}.Release|Any CPU.ActiveCfg = Release|Any CPU
		{6D376667-9D22-40B0-8CED-F0FD914C1793}.Release|Any CPU.Build.0 = Release|Any CPU
		{BB1522CD-C280-41BA-87C4-69BCAD87F09F}.Debug|Any CPU.ActiveCfg = Debug|Any CPU
		{BB1522CD-C280-41BA-87C4-69BCAD87F09F}.Debug|Any CPU.Build.0 = Debug|Any CPU
		{BB1522CD-C280-41BA-87C4-69BCAD87F09F}.Release|Any CPU.ActiveCfg = Release|Any CPU
		{BB1522CD-C280-41BA-87C4-69BCAD87F09F}.Release|Any CPU.Build.0 = Release|Any CPU
		{2E7545F2-87B9-4655-BD51-ECAEA63632E0}.Debug|Any CPU.ActiveCfg = Debug|Any CPU
		{2E7545F2-87B9-4655-BD51-ECAEA63632E0}.Debug|Any CPU.Build.0 = Debug|Any CPU
		{2E7545F2-87B9-4655-BD51-ECAEA63632E0}.Release|Any CPU.ActiveCfg = Release|Any CPU
		{2E7545F2-87B9-4655-BD51-ECAEA63632E0}.Release|Any CPU.Build.0 = Release|Any CPU
		{74844FD3-888B-4EC5-BDB5-1C0FC74B6158}.Debug|Any CPU.ActiveCfg = Debug|Any CPU
		{74844FD3-888B-4EC5-BDB5-1C0FC74B6158}.Debug|Any CPU.Build.0 = Debug|Any CPU
		{74844FD3-888B-4EC5-BDB5-1C0FC74B6158}.Release|Any CPU.ActiveCfg = Release|Any CPU
		{74844FD3-888B-4EC5-BDB5-1C0FC74B6158}.Release|Any CPU.Build.0 = Release|Any CPU
		{AC11E8EC-22D5-490D-A40C-12B334C54E73}.Debug|Any CPU.ActiveCfg = Debug|Any CPU
		{AC11E8EC-22D5-490D-A40C-12B334C54E73}.Debug|Any CPU.Build.0 = Debug|Any CPU
		{AC11E8EC-22D5-490D-A40C-12B334C54E73}.Release|Any CPU.ActiveCfg = Release|Any CPU
		{AC11E8EC-22D5-490D-A40C-12B334C54E73}.Release|Any CPU.Build.0 = Release|Any CPU
		{7C9D5451-10C7-461C-B820-F8736F8FCF3E}.Debug|Any CPU.ActiveCfg = Debug|Any CPU
		{7C9D5451-10C7-461C-B820-F8736F8FCF3E}.Debug|Any CPU.Build.0 = Debug|Any CPU
		{7C9D5451-10C7-461C-B820-F8736F8FCF3E}.Release|Any CPU.ActiveCfg = Release|Any CPU
		{7C9D5451-10C7-461C-B820-F8736F8FCF3E}.Release|Any CPU.Build.0 = Release|Any CPU
	EndGlobalSection
	GlobalSection(SolutionProperties) = preSolution
		HideSolutionNode = FALSE
	EndGlobalSection
	GlobalSection(NestedProjects) = preSolution
		{BB818EBB-6A2E-4E71-A347-63F9ADAB72A1} = {D22ED6D1-B5ED-4B63-A3A2-738205F8E374}
		{6EE0CF29-B0DC-49F4-B61A-F17277177EA3} = {EC9D1552-B6C0-4949-96C7-F013F1718F0C}
		{4156F508-835F-40D8-9921-7C34B66CE91A} = {D22ED6D1-B5ED-4B63-A3A2-738205F8E374}
		{6238491B-DE3A-448E-BB70-D24C910A0895} = {D22ED6D1-B5ED-4B63-A3A2-738205F8E374}
		{7D4282C0-D956-407F-A6AE-1E93401D7D5B} = {D22ED6D1-B5ED-4B63-A3A2-738205F8E374}
		{6F628FD8-A08A-4878-9D41-58935531EB92} = {D22ED6D1-B5ED-4B63-A3A2-738205F8E374}
		{F2F69256-5742-4E18-9D9E-0C0AC01BD224} = {D22ED6D1-B5ED-4B63-A3A2-738205F8E374}
		{EE689424-8BDF-4DC2-8EA0-52FC47DA8651} = {D22ED6D1-B5ED-4B63-A3A2-738205F8E374}
		{0B5F5093-9BEC-4C17-B249-39296645F477} = {D22ED6D1-B5ED-4B63-A3A2-738205F8E374}
		{A7A7937C-3FFF-4565-AD9C-85E5D110919D} = {D22ED6D1-B5ED-4B63-A3A2-738205F8E374}
		{31172042-CC02-42EA-9573-DE38291A8ACB} = {D22ED6D1-B5ED-4B63-A3A2-738205F8E374}
		{93EF9290-BB6B-4853-A886-BD9D09D42DE0} = {EC9D1552-B6C0-4949-96C7-F013F1718F0C}
		{FC66287E-8976-4C1B-B742-246B6E976880} = {EC9D1552-B6C0-4949-96C7-F013F1718F0C}
		{C2A9549F-85CB-4A20-926E-AB322728B58E} = {D22ED6D1-B5ED-4B63-A3A2-738205F8E374}
		{9B3166F8-011D-41CA-A2B7-7153EEF087A2} = {D22ED6D1-B5ED-4B63-A3A2-738205F8E374}
		{75E440EC-2459-48BF-9A50-0797B267F21A} = {D22ED6D1-B5ED-4B63-A3A2-738205F8E374}
		{CE785F38-A7D9-4C36-840F-BE105D13729D} = {D22ED6D1-B5ED-4B63-A3A2-738205F8E374}
		{5C28E44E-0AD1-40EE-8C1B-98E53C582B6A} = {D22ED6D1-B5ED-4B63-A3A2-738205F8E374}
		{6D376667-9D22-40B0-8CED-F0FD914C1793} = {D22ED6D1-B5ED-4B63-A3A2-738205F8E374}
		{BB1522CD-C280-41BA-87C4-69BCAD87F09F} = {D22ED6D1-B5ED-4B63-A3A2-738205F8E374}
		{2E7545F2-87B9-4655-BD51-ECAEA63632E0} = {D22ED6D1-B5ED-4B63-A3A2-738205F8E374}
		{74844FD3-888B-4EC5-BDB5-1C0FC74B6158} = {EC9D1552-B6C0-4949-96C7-F013F1718F0C}
		{AC11E8EC-22D5-490D-A40C-12B334C54E73} = {EC9D1552-B6C0-4949-96C7-F013F1718F0C}
		{7C9D5451-10C7-461C-B820-F8736F8FCF3E} = {D22ED6D1-B5ED-4B63-A3A2-738205F8E374}
	EndGlobalSection
	GlobalSection(ExtensibilityGlobals) = postSolution
		SolutionGuid = {AB83988D-D2DE-46B9-B285-B34C08128DFF}
	EndGlobalSection
EndGlobal
